// !$*UTF8*$!
{
	archiveVersion = 1;
	classes = {
	};
	objectVersion = 46;
	objects = {

/* Begin PBXBuildFile section */
		5202F8B21622919800AF7A2B /* Foundation.framework in Frameworks */ = {isa = PBXBuildFile; fileRef = 5202F8B11622919800AF7A2B /* Foundation.framework */; };
		5202F8B71622919800AF7A2B /* AsyncResult.h in CopyFiles */ = {isa = PBXBuildFile; fileRef = 5202F8B61622919800AF7A2B /* AsyncResult.h */; };
		5202F8B91622919800AF7A2B /* AsyncResult.m in Sources */ = {isa = PBXBuildFile; fileRef = 5202F8B81622919800AF7A2B /* AsyncResult.m */; };
		5202F8C61622921E00AF7A2B /* UIKit.framework in Frameworks */ = {isa = PBXBuildFile; fileRef = 5202F8C51622921E00AF7A2B /* UIKit.framework */; };
		5202F8C71622921E00AF7A2B /* Foundation.framework in Frameworks */ = {isa = PBXBuildFile; fileRef = 5202F8B11622919800AF7A2B /* Foundation.framework */; };
		5202F8C91622921E00AF7A2B /* CoreGraphics.framework in Frameworks */ = {isa = PBXBuildFile; fileRef = 5202F8C81622921E00AF7A2B /* CoreGraphics.framework */; };
		5202F8CF1622921E00AF7A2B /* InfoPlist.strings in Resources */ = {isa = PBXBuildFile; fileRef = 5202F8CD1622921E00AF7A2B /* InfoPlist.strings */; };
		5202F8D11622921E00AF7A2B /* main.m in Sources */ = {isa = PBXBuildFile; fileRef = 5202F8D01622921E00AF7A2B /* main.m */; };
		5202F8D51622921E00AF7A2B /* AppDelegate.m in Sources */ = {isa = PBXBuildFile; fileRef = 5202F8D41622921E00AF7A2B /* AppDelegate.m */; };
		5202F8D71622921E00AF7A2B /* Default.png in Resources */ = {isa = PBXBuildFile; fileRef = 5202F8D61622921E00AF7A2B /* Default.png */; };
		5202F8D91622921E00AF7A2B /* Default@2x.png in Resources */ = {isa = PBXBuildFile; fileRef = 5202F8D81622921E00AF7A2B /* Default@2x.png */; };
		5202F8DB1622921E00AF7A2B /* Default-568h@2x.png in Resources */ = {isa = PBXBuildFile; fileRef = 5202F8DA1622921E00AF7A2B /* Default-568h@2x.png */; };
		5202F8DE1622921E00AF7A2B /* MainStoryboard.storyboard in Resources */ = {isa = PBXBuildFile; fileRef = 5202F8DC1622921E00AF7A2B /* MainStoryboard.storyboard */; };
		5202F8E11622921E00AF7A2B /* ViewController.m in Sources */ = {isa = PBXBuildFile; fileRef = 5202F8E01622921E00AF7A2B /* ViewController.m */; };
		5202F8E71622927700AF7A2B /* libAsyncResult.a in Frameworks */ = {isa = PBXBuildFile; fileRef = 5202F8AE1622919800AF7A2B /* libAsyncResult.a */; };
		5202F8E91622928900AF7A2B /* Accounts.framework in Frameworks */ = {isa = PBXBuildFile; fileRef = 5202F8E81622928900AF7A2B /* Accounts.framework */; };
		523297E1162294C200E41768 /* SenTestingKit.framework in Frameworks */ = {isa = PBXBuildFile; fileRef = 523297E0162294C200E41768 /* SenTestingKit.framework */; };
		523297E2162294C200E41768 /* UIKit.framework in Frameworks */ = {isa = PBXBuildFile; fileRef = 5202F8C51622921E00AF7A2B /* UIKit.framework */; };
		523297E3162294C200E41768 /* Foundation.framework in Frameworks */ = {isa = PBXBuildFile; fileRef = 5202F8B11622919800AF7A2B /* Foundation.framework */; };
		523297E9162294C200E41768 /* InfoPlist.strings in Resources */ = {isa = PBXBuildFile; fileRef = 523297E7162294C200E41768 /* InfoPlist.strings */; };
		523297F41622952800E41768 /* libAsyncResult.a in Frameworks */ = {isa = PBXBuildFile; fileRef = 5202F8AE1622919800AF7A2B /* libAsyncResult.a */; };
		523297F61622953900E41768 /* libKiwi.a in Frameworks */ = {isa = PBXBuildFile; fileRef = 523297F51622953900E41768 /* libKiwi.a */; };
		52987CF9162296C900DEDABB /* SenTestingKit.framework in Frameworks */ = {isa = PBXBuildFile; fileRef = 523297E0162294C200E41768 /* SenTestingKit.framework */; };
		52987CFA162296C900DEDABB /* UIKit.framework in Frameworks */ = {isa = PBXBuildFile; fileRef = 5202F8C51622921E00AF7A2B /* UIKit.framework */; };
		52987CFB162296C900DEDABB /* Foundation.framework in Frameworks */ = {isa = PBXBuildFile; fileRef = 5202F8B11622919800AF7A2B /* Foundation.framework */; };
		52987D01162296C900DEDABB /* InfoPlist.strings in Resources */ = {isa = PBXBuildFile; fileRef = 52987CFF162296C900DEDABB /* InfoPlist.strings */; };
		52987D0C162296F400DEDABB /* libAsyncResult.a in Frameworks */ = {isa = PBXBuildFile; fileRef = 5202F8AE1622919800AF7A2B /* libAsyncResult.a */; };
		52987D0D162296F900DEDABB /* libKiwi.a in Frameworks */ = {isa = PBXBuildFile; fileRef = 523297F51622953900E41768 /* libKiwi.a */; };
		52F0DA13162299B700E68813 /* AsyncResultInjector.m in Sources */ = {isa = PBXBuildFile; fileRef = 52F0DA0C162299B700E68813 /* AsyncResultInjector.m */; };
		52F0DA14162299B700E68813 /* NSURLConnection+AsyncResult.m in Sources */ = {isa = PBXBuildFile; fileRef = 52F0DA0E162299B700E68813 /* NSURLConnection+AsyncResult.m */; };
		52F0DA15162299B700E68813 /* UIActionSheet+AsyncResult.m in Sources */ = {isa = PBXBuildFile; fileRef = 52F0DA10162299B700E68813 /* UIActionSheet+AsyncResult.m */; };
		52F0DA16162299B700E68813 /* UIAlertView+AsyncResult.m in Sources */ = {isa = PBXBuildFile; fileRef = 52F0DA12162299B700E68813 /* UIAlertView+AsyncResult.m */; };
		52F0DA1F162299F200E68813 /* AccountStoreTest.m in Sources */ = {isa = PBXBuildFile; fileRef = 52F0DA18162299F200E68813 /* AccountStoreTest.m */; };
		52F0DA20162299F200E68813 /* AsyncResultTest.m in Sources */ = {isa = PBXBuildFile; fileRef = 52F0DA19162299F200E68813 /* AsyncResultTest.m */; };
		52F0DA21162299F200E68813 /* ChainTest.m in Sources */ = {isa = PBXBuildFile; fileRef = 52F0DA1A162299F200E68813 /* ChainTest.m */; };
		52F0DA22162299F200E68813 /* CombineTest.m in Sources */ = {isa = PBXBuildFile; fileRef = 52F0DA1B162299F200E68813 /* CombineTest.m */; };
		52F0DA23162299F200E68813 /* TransformTest.m in Sources */ = {isa = PBXBuildFile; fileRef = 52F0DA1C162299F200E68813 /* TransformTest.m */; };
		52F0DA24162299F200E68813 /* URLConnectionTest.m in Sources */ = {isa = PBXBuildFile; fileRef = 52F0DA1D162299F200E68813 /* URLConnectionTest.m */; };
		52F0DA25162299F200E68813 /* WaitTest.m in Sources */ = {isa = PBXBuildFile; fileRef = 52F0DA1E162299F200E68813 /* WaitTest.m */; };
		52F0DA2816229A1900E68813 /* ActionSheetTest.m in Sources */ = {isa = PBXBuildFile; fileRef = 52F0DA2616229A1900E68813 /* ActionSheetTest.m */; };
		52F0DA2916229A1900E68813 /* AlertViewTest.m in Sources */ = {isa = PBXBuildFile; fileRef = 52F0DA2716229A1900E68813 /* AlertViewTest.m */; };
		52F0DA2E16229AA600E68813 /* ACAccountStore+AsyncResult.m in Sources */ = {isa = PBXBuildFile; fileRef = 52F0DA2D16229AA600E68813 /* ACAccountStore+AsyncResult.m */; };
		52F0DA2F16229AA600E68813 /* ACAccountStore+AsyncResult.m in Sources */ = {isa = PBXBuildFile; fileRef = 52F0DA2D16229AA600E68813 /* ACAccountStore+AsyncResult.m */; };
		52F0DA3216229AB500E68813 /* HandlerMock.m in Sources */ = {isa = PBXBuildFile; fileRef = 52F0DA3116229AB500E68813 /* HandlerMock.m */; };
		52F0DA3316229AB500E68813 /* HandlerMock.m in Sources */ = {isa = PBXBuildFile; fileRef = 52F0DA3116229AB500E68813 /* HandlerMock.m */; };
		52F0DA3416229B2E00E68813 /* Accounts.framework in Frameworks */ = {isa = PBXBuildFile; fileRef = 5202F8E81622928900AF7A2B /* Accounts.framework */; };
/* End PBXBuildFile section */

/* Begin PBXContainerItemProxy section */
		5202F8E51622925800AF7A2B /* PBXContainerItemProxy */ = {
			isa = PBXContainerItemProxy;
			containerPortal = 5202F8A51622919800AF7A2B /* Project object */;
			proxyType = 1;
			remoteGlobalIDString = 5202F8AD1622919800AF7A2B;
			remoteInfo = AsyncResult;
		};
		523297F2162294F400E41768 /* PBXContainerItemProxy */ = {
			isa = PBXContainerItemProxy;
			containerPortal = 5202F8A51622919800AF7A2B /* Project object */;
			proxyType = 1;
			remoteGlobalIDString = 5202F8AD1622919800AF7A2B;
			remoteInfo = AsyncResult;
		};
		52987D0A162296E100DEDABB /* PBXContainerItemProxy */ = {
			isa = PBXContainerItemProxy;
			containerPortal = 5202F8A51622919800AF7A2B /* Project object */;
			proxyType = 1;
			remoteGlobalIDString = 5202F8AD1622919800AF7A2B;
			remoteInfo = AsyncResult;
		};
		52987D0E1622979100DEDABB /* PBXContainerItemProxy */ = {
			isa = PBXContainerItemProxy;
			containerPortal = 5202F8A51622919800AF7A2B /* Project object */;
			proxyType = 1;
			remoteGlobalIDString = 5202F8C21622921E00AF7A2B;
			remoteInfo = AsyncResultDemo;
		};
/* End PBXContainerItemProxy section */

/* Begin PBXCopyFilesBuildPhase section */
		5202F8AC1622919800AF7A2B /* CopyFiles */ = {
			isa = PBXCopyFilesBuildPhase;
			buildActionMask = 2147483647;
			dstPath = "include/${PRODUCT_NAME}";
			dstSubfolderSpec = 16;
			files = (
				5202F8B71622919800AF7A2B /* AsyncResult.h in CopyFiles */,
			);
			runOnlyForDeploymentPostprocessing = 0;
		};
/* End PBXCopyFilesBuildPhase section */

/* Begin PBXFileReference section */
		5202F8AE1622919800AF7A2B /* libAsyncResult.a */ = {isa = PBXFileReference; explicitFileType = archive.ar; includeInIndex = 0; path = libAsyncResult.a; sourceTree = BUILT_PRODUCTS_DIR; };
		5202F8B11622919800AF7A2B /* Foundation.framework */ = {isa = PBXFileReference; lastKnownFileType = wrapper.framework; name = Foundation.framework; path = System/Library/Frameworks/Foundation.framework; sourceTree = SDKROOT; };
		5202F8B51622919800AF7A2B /* AsyncResult-Prefix.pch */ = {isa = PBXFileReference; lastKnownFileType = sourcecode.c.h; path = "AsyncResult-Prefix.pch"; sourceTree = "<group>"; };
		5202F8B61622919800AF7A2B /* AsyncResult.h */ = {isa = PBXFileReference; lastKnownFileType = sourcecode.c.h; path = AsyncResult.h; sourceTree = "<group>"; };
		5202F8B81622919800AF7A2B /* AsyncResult.m */ = {isa = PBXFileReference; lastKnownFileType = sourcecode.c.objc; path = AsyncResult.m; sourceTree = "<group>"; };
		5202F8C31622921E00AF7A2B /* AsyncResultDemo.app */ = {isa = PBXFileReference; explicitFileType = wrapper.application; includeInIndex = 0; path = AsyncResultDemo.app; sourceTree = BUILT_PRODUCTS_DIR; };
		5202F8C51622921E00AF7A2B /* UIKit.framework */ = {isa = PBXFileReference; lastKnownFileType = wrapper.framework; name = UIKit.framework; path = System/Library/Frameworks/UIKit.framework; sourceTree = SDKROOT; };
		5202F8C81622921E00AF7A2B /* CoreGraphics.framework */ = {isa = PBXFileReference; lastKnownFileType = wrapper.framework; name = CoreGraphics.framework; path = System/Library/Frameworks/CoreGraphics.framework; sourceTree = SDKROOT; };
		5202F8CC1622921E00AF7A2B /* AsyncResultDemo-Info.plist */ = {isa = PBXFileReference; lastKnownFileType = text.plist.xml; path = "AsyncResultDemo-Info.plist"; sourceTree = "<group>"; };
		5202F8CE1622921E00AF7A2B /* en */ = {isa = PBXFileReference; lastKnownFileType = text.plist.strings; name = en; path = en.lproj/InfoPlist.strings; sourceTree = "<group>"; };
		5202F8D01622921E00AF7A2B /* main.m */ = {isa = PBXFileReference; lastKnownFileType = sourcecode.c.objc; path = main.m; sourceTree = "<group>"; };
		5202F8D21622921E00AF7A2B /* AsyncResultDemo-Prefix.pch */ = {isa = PBXFileReference; lastKnownFileType = sourcecode.c.h; path = "AsyncResultDemo-Prefix.pch"; sourceTree = "<group>"; };
		5202F8D31622921E00AF7A2B /* AppDelegate.h */ = {isa = PBXFileReference; lastKnownFileType = sourcecode.c.h; path = AppDelegate.h; sourceTree = "<group>"; };
		5202F8D41622921E00AF7A2B /* AppDelegate.m */ = {isa = PBXFileReference; lastKnownFileType = sourcecode.c.objc; path = AppDelegate.m; sourceTree = "<group>"; };
		5202F8D61622921E00AF7A2B /* Default.png */ = {isa = PBXFileReference; lastKnownFileType = image.png; path = Default.png; sourceTree = "<group>"; };
		5202F8D81622921E00AF7A2B /* Default@2x.png */ = {isa = PBXFileReference; lastKnownFileType = image.png; path = "Default@2x.png"; sourceTree = "<group>"; };
		5202F8DA1622921E00AF7A2B /* Default-568h@2x.png */ = {isa = PBXFileReference; lastKnownFileType = image.png; path = "Default-568h@2x.png"; sourceTree = "<group>"; };
		5202F8DD1622921E00AF7A2B /* en */ = {isa = PBXFileReference; lastKnownFileType = file.storyboard; name = en; path = en.lproj/MainStoryboard.storyboard; sourceTree = "<group>"; };
		5202F8DF1622921E00AF7A2B /* ViewController.h */ = {isa = PBXFileReference; lastKnownFileType = sourcecode.c.h; path = ViewController.h; sourceTree = "<group>"; };
		5202F8E01622921E00AF7A2B /* ViewController.m */ = {isa = PBXFileReference; lastKnownFileType = sourcecode.c.objc; path = ViewController.m; sourceTree = "<group>"; };
		5202F8E81622928900AF7A2B /* Accounts.framework */ = {isa = PBXFileReference; lastKnownFileType = wrapper.framework; name = Accounts.framework; path = System/Library/Frameworks/Accounts.framework; sourceTree = SDKROOT; };
		523297DF162294C200E41768 /* AsyncResultLogicTest.octest */ = {isa = PBXFileReference; explicitFileType = wrapper.cfbundle; includeInIndex = 0; path = AsyncResultLogicTest.octest; sourceTree = BUILT_PRODUCTS_DIR; };
		523297E0162294C200E41768 /* SenTestingKit.framework */ = {isa = PBXFileReference; lastKnownFileType = wrapper.framework; name = SenTestingKit.framework; path = Library/Frameworks/SenTestingKit.framework; sourceTree = DEVELOPER_DIR; };
		523297E6162294C200E41768 /* AsyncResultLogicTest-Info.plist */ = {isa = PBXFileReference; lastKnownFileType = text.plist.xml; path = "AsyncResultLogicTest-Info.plist"; sourceTree = "<group>"; };
		523297E8162294C200E41768 /* en */ = {isa = PBXFileReference; lastKnownFileType = text.plist.strings; name = en; path = en.lproj/InfoPlist.strings; sourceTree = "<group>"; };
		523297ED162294C200E41768 /* AsyncResultLogicTest-Prefix.pch */ = {isa = PBXFileReference; lastKnownFileType = sourcecode.c.h; path = "AsyncResultLogicTest-Prefix.pch"; sourceTree = "<group>"; };
		523297F51622953900E41768 /* libKiwi.a */ = {isa = PBXFileReference; lastKnownFileType = archive.ar; name = libKiwi.a; path = "Kiwi/build/Release-iphoneos/libKiwi.a"; sourceTree = "<group>"; };
		52987CF8162296C900DEDABB /* AsyncResultApplicationTest.octest */ = {isa = PBXFileReference; explicitFileType = wrapper.cfbundle; includeInIndex = 0; path = AsyncResultApplicationTest.octest; sourceTree = BUILT_PRODUCTS_DIR; };
		52987CFE162296C900DEDABB /* AsyncResultApplicationTest-Info.plist */ = {isa = PBXFileReference; lastKnownFileType = text.plist.xml; path = "AsyncResultApplicationTest-Info.plist"; sourceTree = "<group>"; };
		52987D00162296C900DEDABB /* en */ = {isa = PBXFileReference; lastKnownFileType = text.plist.strings; name = en; path = en.lproj/InfoPlist.strings; sourceTree = "<group>"; };
		52987D05162296C900DEDABB /* AsyncResultApplicationTest-Prefix.pch */ = {isa = PBXFileReference; lastKnownFileType = sourcecode.c.h; path = "AsyncResultApplicationTest-Prefix.pch"; sourceTree = "<group>"; };
		52F0DA0B162299B700E68813 /* AsyncResultInjector.h */ = {isa = PBXFileReference; fileEncoding = 4; lastKnownFileType = sourcecode.c.h; path = AsyncResultInjector.h; sourceTree = "<group>"; };
		52F0DA0C162299B700E68813 /* AsyncResultInjector.m */ = {isa = PBXFileReference; fileEncoding = 4; lastKnownFileType = sourcecode.c.objc; path = AsyncResultInjector.m; sourceTree = "<group>"; };
		52F0DA0D162299B700E68813 /* NSURLConnection+AsyncResult.h */ = {isa = PBXFileReference; fileEncoding = 4; lastKnownFileType = sourcecode.c.h; path = "NSURLConnection+AsyncResult.h"; sourceTree = "<group>"; };
		52F0DA0E162299B700E68813 /* NSURLConnection+AsyncResult.m */ = {isa = PBXFileReference; fileEncoding = 4; lastKnownFileType = sourcecode.c.objc; path = "NSURLConnection+AsyncResult.m"; sourceTree = "<group>"; };
		52F0DA0F162299B700E68813 /* UIActionSheet+AsyncResult.h */ = {isa = PBXFileReference; fileEncoding = 4; lastKnownFileType = sourcecode.c.h; path = "UIActionSheet+AsyncResult.h"; sourceTree = "<group>"; };
		52F0DA10162299B700E68813 /* UIActionSheet+AsyncResult.m */ = {isa = PBXFileReference; fileEncoding = 4; lastKnownFileType = sourcecode.c.objc; path = "UIActionSheet+AsyncResult.m"; sourceTree = "<group>"; };
		52F0DA11162299B700E68813 /* UIAlertView+AsyncResult.h */ = {isa = PBXFileReference; fileEncoding = 4; lastKnownFileType = sourcecode.c.h; path = "UIAlertView+AsyncResult.h"; sourceTree = "<group>"; };
		52F0DA12162299B700E68813 /* UIAlertView+AsyncResult.m */ = {isa = PBXFileReference; fileEncoding = 4; lastKnownFileType = sourcecode.c.objc; path = "UIAlertView+AsyncResult.m"; sourceTree = "<group>"; };
		52F0DA18162299F200E68813 /* AccountStoreTest.m */ = {isa = PBXFileReference; fileEncoding = 4; lastKnownFileType = sourcecode.c.objc; path = AccountStoreTest.m; sourceTree = "<group>"; };
		52F0DA19162299F200E68813 /* AsyncResultTest.m */ = {isa = PBXFileReference; fileEncoding = 4; lastKnownFileType = sourcecode.c.objc; path = AsyncResultTest.m; sourceTree = "<group>"; };
		52F0DA1A162299F200E68813 /* ChainTest.m */ = {isa = PBXFileReference; fileEncoding = 4; lastKnownFileType = sourcecode.c.objc; path = ChainTest.m; sourceTree = "<group>"; };
		52F0DA1B162299F200E68813 /* CombineTest.m */ = {isa = PBXFileReference; fileEncoding = 4; lastKnownFileType = sourcecode.c.objc; path = CombineTest.m; sourceTree = "<group>"; };
		52F0DA1C162299F200E68813 /* TransformTest.m */ = {isa = PBXFileReference; fileEncoding = 4; lastKnownFileType = sourcecode.c.objc; path = TransformTest.m; sourceTree = "<group>"; };
		52F0DA1D162299F200E68813 /* URLConnectionTest.m */ = {isa = PBXFileReference; fileEncoding = 4; lastKnownFileType = sourcecode.c.objc; path = URLConnectionTest.m; sourceTree = "<group>"; };
		52F0DA1E162299F200E68813 /* WaitTest.m */ = {isa = PBXFileReference; fileEncoding = 4; lastKnownFileType = sourcecode.c.objc; path = WaitTest.m; sourceTree = "<group>"; };
		52F0DA2616229A1900E68813 /* ActionSheetTest.m */ = {isa = PBXFileReference; fileEncoding = 4; lastKnownFileType = sourcecode.c.objc; path = ActionSheetTest.m; sourceTree = "<group>"; };
		52F0DA2716229A1900E68813 /* AlertViewTest.m */ = {isa = PBXFileReference; fileEncoding = 4; lastKnownFileType = sourcecode.c.objc; path = AlertViewTest.m; sourceTree = "<group>"; };
		52F0DA2C16229AA600E68813 /* ACAccountStore+AsyncResult.h */ = {isa = PBXFileReference; fileEncoding = 4; lastKnownFileType = sourcecode.c.h; path = "ACAccountStore+AsyncResult.h"; sourceTree = "<group>"; };
		52F0DA2D16229AA600E68813 /* ACAccountStore+AsyncResult.m */ = {isa = PBXFileReference; fileEncoding = 4; lastKnownFileType = sourcecode.c.objc; path = "ACAccountStore+AsyncResult.m"; sourceTree = "<group>"; };
		52F0DA3016229AB500E68813 /* HandlerMock.h */ = {isa = PBXFileReference; fileEncoding = 4; lastKnownFileType = sourcecode.c.h; path = HandlerMock.h; sourceTree = "<group>"; };
		52F0DA3116229AB500E68813 /* HandlerMock.m */ = {isa = PBXFileReference; fileEncoding = 4; lastKnownFileType = sourcecode.c.objc; path = HandlerMock.m; sourceTree = "<group>"; };
/* End PBXFileReference section */

/* Begin PBXFrameworksBuildPhase section */
		5202F8AB1622919800AF7A2B /* Frameworks */ = {
			isa = PBXFrameworksBuildPhase;
			buildActionMask = 2147483647;
			files = (
				5202F8B21622919800AF7A2B /* Foundation.framework in Frameworks */,
			);
			runOnlyForDeploymentPostprocessing = 0;
		};
		5202F8C01622921E00AF7A2B /* Frameworks */ = {
			isa = PBXFrameworksBuildPhase;
			buildActionMask = 2147483647;
			files = (
				5202F8C61622921E00AF7A2B /* UIKit.framework in Frameworks */,
				5202F8C71622921E00AF7A2B /* Foundation.framework in Frameworks */,
				5202F8C91622921E00AF7A2B /* CoreGraphics.framework in Frameworks */,
				5202F8E91622928900AF7A2B /* Accounts.framework in Frameworks */,
				5202F8E71622927700AF7A2B /* libAsyncResult.a in Frameworks */,
			);
			runOnlyForDeploymentPostprocessing = 0;
		};
		523297DB162294C200E41768 /* Frameworks */ = {
			isa = PBXFrameworksBuildPhase;
			buildActionMask = 2147483647;
			files = (
				52F0DA3416229B2E00E68813 /* Accounts.framework in Frameworks */,
				523297E2162294C200E41768 /* UIKit.framework in Frameworks */,
				523297E3162294C200E41768 /* Foundation.framework in Frameworks */,
				523297E1162294C200E41768 /* SenTestingKit.framework in Frameworks */,
				523297F61622953900E41768 /* libKiwi.a in Frameworks */,
				523297F41622952800E41768 /* libAsyncResult.a in Frameworks */,
			);
			runOnlyForDeploymentPostprocessing = 0;
		};
		52987CF4162296C900DEDABB /* Frameworks */ = {
			isa = PBXFrameworksBuildPhase;
			buildActionMask = 2147483647;
			files = (
				52987CF9162296C900DEDABB /* SenTestingKit.framework in Frameworks */,
				52987CFA162296C900DEDABB /* UIKit.framework in Frameworks */,
				52987CFB162296C900DEDABB /* Foundation.framework in Frameworks */,
				52987D0D162296F900DEDABB /* libKiwi.a in Frameworks */,
				52987D0C162296F400DEDABB /* libAsyncResult.a in Frameworks */,
			);
			runOnlyForDeploymentPostprocessing = 0;
		};
/* End PBXFrameworksBuildPhase section */

/* Begin PBXGroup section */
		5202F8A31622919800AF7A2B = {
			isa = PBXGroup;
			children = (
				5202F8B31622919800AF7A2B /* AsyncResult */,
				5202F8CA1622921E00AF7A2B /* AsyncResultDemo */,
				523297E4162294C200E41768 /* AsyncResultLogicTest */,
				52987CFC162296C900DEDABB /* AsyncResultApplicationTest */,
				52F0DA2A16229A2700E68813 /* Extras */,
				52F0DA2B16229A3D00E68813 /* TestUtils */,
				5202F8B01622919800AF7A2B /* Frameworks */,
				5202F8AF1622919800AF7A2B /* Products */,
			);
			sourceTree = "<group>";
		};
		5202F8AF1622919800AF7A2B /* Products */ = {
			isa = PBXGroup;
			children = (
				5202F8AE1622919800AF7A2B /* libAsyncResult.a */,
				5202F8C31622921E00AF7A2B /* AsyncResultDemo.app */,
				523297DF162294C200E41768 /* AsyncResultLogicTest.octest */,
				52987CF8162296C900DEDABB /* AsyncResultApplicationTest.octest */,
			);
			name = Products;
			sourceTree = "<group>";
		};
		5202F8B01622919800AF7A2B /* Frameworks */ = {
			isa = PBXGroup;
			children = (
				523297F51622953900E41768 /* libKiwi.a */,
				5202F8E81622928900AF7A2B /* Accounts.framework */,
				5202F8B11622919800AF7A2B /* Foundation.framework */,
				5202F8C51622921E00AF7A2B /* UIKit.framework */,
				5202F8C81622921E00AF7A2B /* CoreGraphics.framework */,
				523297E0162294C200E41768 /* SenTestingKit.framework */,
			);
			name = Frameworks;
			sourceTree = "<group>";
		};
		5202F8B31622919800AF7A2B /* AsyncResult */ = {
			isa = PBXGroup;
			children = (
				52F0DA0B162299B700E68813 /* AsyncResultInjector.h */,
				52F0DA0C162299B700E68813 /* AsyncResultInjector.m */,
				52F0DA0D162299B700E68813 /* NSURLConnection+AsyncResult.h */,
				52F0DA0E162299B700E68813 /* NSURLConnection+AsyncResult.m */,
				52F0DA0F162299B700E68813 /* UIActionSheet+AsyncResult.h */,
				52F0DA10162299B700E68813 /* UIActionSheet+AsyncResult.m */,
				52F0DA11162299B700E68813 /* UIAlertView+AsyncResult.h */,
				52F0DA12162299B700E68813 /* UIAlertView+AsyncResult.m */,
				5202F8B61622919800AF7A2B /* AsyncResult.h */,
				5202F8B81622919800AF7A2B /* AsyncResult.m */,
				5202F8B41622919800AF7A2B /* Supporting Files */,
			);
			path = AsyncResult;
			sourceTree = "<group>";
		};
		5202F8B41622919800AF7A2B /* Supporting Files */ = {
			isa = PBXGroup;
			children = (
				5202F8B51622919800AF7A2B /* AsyncResult-Prefix.pch */,
			);
			name = "Supporting Files";
			sourceTree = "<group>";
		};
		5202F8CA1622921E00AF7A2B /* AsyncResultDemo */ = {
			isa = PBXGroup;
			children = (
				5202F8D31622921E00AF7A2B /* AppDelegate.h */,
				5202F8D41622921E00AF7A2B /* AppDelegate.m */,
				5202F8DC1622921E00AF7A2B /* MainStoryboard.storyboard */,
				5202F8DF1622921E00AF7A2B /* ViewController.h */,
				5202F8E01622921E00AF7A2B /* ViewController.m */,
				5202F8CB1622921E00AF7A2B /* Supporting Files */,
			);
			path = AsyncResultDemo;
			sourceTree = "<group>";
		};
		5202F8CB1622921E00AF7A2B /* Supporting Files */ = {
			isa = PBXGroup;
			children = (
				5202F8CC1622921E00AF7A2B /* AsyncResultDemo-Info.plist */,
				5202F8CD1622921E00AF7A2B /* InfoPlist.strings */,
				5202F8D01622921E00AF7A2B /* main.m */,
				5202F8D21622921E00AF7A2B /* AsyncResultDemo-Prefix.pch */,
				5202F8D61622921E00AF7A2B /* Default.png */,
				5202F8D81622921E00AF7A2B /* Default@2x.png */,
				5202F8DA1622921E00AF7A2B /* Default-568h@2x.png */,
			);
			name = "Supporting Files";
			sourceTree = "<group>";
		};
		523297E4162294C200E41768 /* AsyncResultLogicTest */ = {
			isa = PBXGroup;
			children = (
				52F0DA19162299F200E68813 /* AsyncResultTest.m */,
				52F0DA1E162299F200E68813 /* WaitTest.m */,
				52F0DA1A162299F200E68813 /* ChainTest.m */,
				52F0DA1B162299F200E68813 /* CombineTest.m */,
				52F0DA1C162299F200E68813 /* TransformTest.m */,
				52F0DA1D162299F200E68813 /* URLConnectionTest.m */,
				52F0DA18162299F200E68813 /* AccountStoreTest.m */,
				523297E5162294C200E41768 /* Supporting Files */,
			);
			path = AsyncResultLogicTest;
			sourceTree = "<group>";
		};
		523297E5162294C200E41768 /* Supporting Files */ = {
			isa = PBXGroup;
			children = (
				523297E6162294C200E41768 /* AsyncResultLogicTest-Info.plist */,
				523297E7162294C200E41768 /* InfoPlist.strings */,
				523297ED162294C200E41768 /* AsyncResultLogicTest-Prefix.pch */,
			);
			name = "Supporting Files";
			sourceTree = "<group>";
		};
		52987CFC162296C900DEDABB /* AsyncResultApplicationTest */ = {
			isa = PBXGroup;
			children = (
				52F0DA2716229A1900E68813 /* AlertViewTest.m */,
				52F0DA2616229A1900E68813 /* ActionSheetTest.m */,
				52987CFD162296C900DEDABB /* Supporting Files */,
			);
			path = AsyncResultApplicationTest;
			sourceTree = "<group>";
		};
		52987CFD162296C900DEDABB /* Supporting Files */ = {
			isa = PBXGroup;
			children = (
				52987CFE162296C900DEDABB /* AsyncResultApplicationTest-Info.plist */,
				52987CFF162296C900DEDABB /* InfoPlist.strings */,
				52987D05162296C900DEDABB /* AsyncResultApplicationTest-Prefix.pch */,
			);
			name = "Supporting Files";
			sourceTree = "<group>";
		};
		52F0DA2A16229A2700E68813 /* Extras */ = {
			isa = PBXGroup;
			children = (
				52F0DA2C16229AA600E68813 /* ACAccountStore+AsyncResult.h */,
				52F0DA2D16229AA600E68813 /* ACAccountStore+AsyncResult.m */,
			);
			path = Extras;
			sourceTree = "<group>";
		};
		52F0DA2B16229A3D00E68813 /* TestUtils */ = {
			isa = PBXGroup;
			children = (
				52F0DA3016229AB500E68813 /* HandlerMock.h */,
				52F0DA3116229AB500E68813 /* HandlerMock.m */,
			);
			path = TestUtils;
			sourceTree = "<group>";
		};
/* End PBXGroup section */

/* Begin PBXNativeTarget section */
		5202F8AD1622919800AF7A2B /* AsyncResult */ = {
			isa = PBXNativeTarget;
			buildConfigurationList = 5202F8BC1622919800AF7A2B /* Build configuration list for PBXNativeTarget "AsyncResult" */;
			buildPhases = (
				5202F8AA1622919800AF7A2B /* Sources */,
				5202F8AB1622919800AF7A2B /* Frameworks */,
				5202F8AC1622919800AF7A2B /* CopyFiles */,
			);
			buildRules = (
			);
			dependencies = (
			);
			name = AsyncResult;
			productName = AsyncResult;
			productReference = 5202F8AE1622919800AF7A2B /* libAsyncResult.a */;
			productType = "com.apple.product-type.library.static";
		};
		5202F8C21622921E00AF7A2B /* AsyncResultDemo */ = {
			isa = PBXNativeTarget;
			buildConfigurationList = 5202F8E21622921E00AF7A2B /* Build configuration list for PBXNativeTarget "AsyncResultDemo" */;
			buildPhases = (
				5202F8BF1622921E00AF7A2B /* Sources */,
				5202F8C01622921E00AF7A2B /* Frameworks */,
				5202F8C11622921E00AF7A2B /* Resources */,
			);
			buildRules = (
			);
			dependencies = (
				5202F8E61622925800AF7A2B /* PBXTargetDependency */,
			);
			name = AsyncResultDemo;
			productName = AsyncResultDemo;
			productReference = 5202F8C31622921E00AF7A2B /* AsyncResultDemo.app */;
			productType = "com.apple.product-type.application";
		};
		523297DE162294C200E41768 /* AsyncResultLogicTest */ = {
			isa = PBXNativeTarget;
			buildConfigurationList = 523297F0162294C200E41768 /* Build configuration list for PBXNativeTarget "AsyncResultLogicTest" */;
			buildPhases = (
				523297DA162294C200E41768 /* Sources */,
				523297DB162294C200E41768 /* Frameworks */,
				523297DC162294C200E41768 /* Resources */,
				523297DD162294C200E41768 /* ShellScript */,
			);
			buildRules = (
			);
			dependencies = (
				523297F3162294F400E41768 /* PBXTargetDependency */,
			);
			name = AsyncResultLogicTest;
			productName = AsyncResultLogicTest;
			productReference = 523297DF162294C200E41768 /* AsyncResultLogicTest.octest */;
			productType = "com.apple.product-type.bundle";
		};
		52987CF7162296C900DEDABB /* AsyncResultApplicationTest */ = {
			isa = PBXNativeTarget;
			buildConfigurationList = 52987D08162296C900DEDABB /* Build configuration list for PBXNativeTarget "AsyncResultApplicationTest" */;
			buildPhases = (
				52987CF3162296C900DEDABB /* Sources */,
				52987CF4162296C900DEDABB /* Frameworks */,
				52987CF5162296C900DEDABB /* Resources */,
				52987CF6162296C900DEDABB /* ShellScript */,
			);
			buildRules = (
			);
			dependencies = (
				52987D0B162296E100DEDABB /* PBXTargetDependency */,
				52987D0F1622979100DEDABB /* PBXTargetDependency */,
			);
			name = AsyncResultApplicationTest;
			productName = AsyncResultApplicationTest;
			productReference = 52987CF8162296C900DEDABB /* AsyncResultApplicationTest.octest */;
			productType = "com.apple.product-type.bundle";
		};
/* End PBXNativeTarget section */

/* Begin PBXProject section */
		5202F8A51622919800AF7A2B /* Project object */ = {
			isa = PBXProject;
			attributes = {
				LastUpgradeCheck = 0450;
				ORGANIZATIONNAME = "Chihiro Ito";
			};
			buildConfigurationList = 5202F8A81622919800AF7A2B /* Build configuration list for PBXProject "AsyncResult" */;
			compatibilityVersion = "Xcode 3.2";
			developmentRegion = English;
			hasScannedForEncodings = 0;
			knownRegions = (
				en,
			);
			mainGroup = 5202F8A31622919800AF7A2B;
			productRefGroup = 5202F8AF1622919800AF7A2B /* Products */;
			projectDirPath = "";
			projectRoot = "";
			targets = (
				5202F8AD1622919800AF7A2B /* AsyncResult */,
				5202F8C21622921E00AF7A2B /* AsyncResultDemo */,
				523297DE162294C200E41768 /* AsyncResultLogicTest */,
				52987CF7162296C900DEDABB /* AsyncResultApplicationTest */,
			);
		};
/* End PBXProject section */

/* Begin PBXResourcesBuildPhase section */
		5202F8C11622921E00AF7A2B /* Resources */ = {
			isa = PBXResourcesBuildPhase;
			buildActionMask = 2147483647;
			files = (
				5202F8CF1622921E00AF7A2B /* InfoPlist.strings in Resources */,
				5202F8D71622921E00AF7A2B /* Default.png in Resources */,
				5202F8D91622921E00AF7A2B /* Default@2x.png in Resources */,
				5202F8DB1622921E00AF7A2B /* Default-568h@2x.png in Resources */,
				5202F8DE1622921E00AF7A2B /* MainStoryboard.storyboard in Resources */,
			);
			runOnlyForDeploymentPostprocessing = 0;
		};
		523297DC162294C200E41768 /* Resources */ = {
			isa = PBXResourcesBuildPhase;
			buildActionMask = 2147483647;
			files = (
				523297E9162294C200E41768 /* InfoPlist.strings in Resources */,
			);
			runOnlyForDeploymentPostprocessing = 0;
		};
		52987CF5162296C900DEDABB /* Resources */ = {
			isa = PBXResourcesBuildPhase;
			buildActionMask = 2147483647;
			files = (
				52987D01162296C900DEDABB /* InfoPlist.strings in Resources */,
			);
			runOnlyForDeploymentPostprocessing = 0;
		};
/* End PBXResourcesBuildPhase section */

/* Begin PBXShellScriptBuildPhase section */
		523297DD162294C200E41768 /* ShellScript */ = {
			isa = PBXShellScriptBuildPhase;
			buildActionMask = 2147483647;
			files = (
			);
			inputPaths = (
			);
			outputPaths = (
			);
			runOnlyForDeploymentPostprocessing = 0;
			shellPath = /bin/sh;
			shellScript = "# Run the unit tests in this test bundle.\n\"${SYSTEM_DEVELOPER_DIR}/Tools/RunUnitTests\"\n";
		};
		52987CF6162296C900DEDABB /* ShellScript */ = {
			isa = PBXShellScriptBuildPhase;
			buildActionMask = 2147483647;
			files = (
			);
			inputPaths = (
			);
			outputPaths = (
			);
			runOnlyForDeploymentPostprocessing = 0;
			shellPath = /bin/sh;
			shellScript = "# Run the unit tests in this test bundle.\n\"${SYSTEM_DEVELOPER_DIR}/Tools/RunUnitTests\"\n";
		};
/* End PBXShellScriptBuildPhase section */

/* Begin PBXSourcesBuildPhase section */
		5202F8AA1622919800AF7A2B /* Sources */ = {
			isa = PBXSourcesBuildPhase;
			buildActionMask = 2147483647;
			files = (
				5202F8B91622919800AF7A2B /* AsyncResult.m in Sources */,
				52F0DA13162299B700E68813 /* AsyncResultInjector.m in Sources */,
				52F0DA14162299B700E68813 /* NSURLConnection+AsyncResult.m in Sources */,
				52F0DA15162299B700E68813 /* UIActionSheet+AsyncResult.m in Sources */,
				52F0DA16162299B700E68813 /* UIAlertView+AsyncResult.m in Sources */,
			);
			runOnlyForDeploymentPostprocessing = 0;
		};
		5202F8BF1622921E00AF7A2B /* Sources */ = {
			isa = PBXSourcesBuildPhase;
			buildActionMask = 2147483647;
			files = (
				5202F8D11622921E00AF7A2B /* main.m in Sources */,
				5202F8D51622921E00AF7A2B /* AppDelegate.m in Sources */,
				5202F8E11622921E00AF7A2B /* ViewController.m in Sources */,
				52F0DA2E16229AA600E68813 /* ACAccountStore+AsyncResult.m in Sources */,
			);
			runOnlyForDeploymentPostprocessing = 0;
		};
		523297DA162294C200E41768 /* Sources */ = {
			isa = PBXSourcesBuildPhase;
			buildActionMask = 2147483647;
			files = (
				52F0DA1F162299F200E68813 /* AccountStoreTest.m in Sources */,
				52F0DA20162299F200E68813 /* AsyncResultTest.m in Sources */,
				52F0DA21162299F200E68813 /* ChainTest.m in Sources */,
				52F0DA22162299F200E68813 /* CombineTest.m in Sources */,
				52F0DA23162299F200E68813 /* TransformTest.m in Sources */,
				52F0DA24162299F200E68813 /* URLConnectionTest.m in Sources */,
				52F0DA25162299F200E68813 /* WaitTest.m in Sources */,
				52F0DA2F16229AA600E68813 /* ACAccountStore+AsyncResult.m in Sources */,
				52F0DA3216229AB500E68813 /* HandlerMock.m in Sources */,
			);
			runOnlyForDeploymentPostprocessing = 0;
		};
		52987CF3162296C900DEDABB /* Sources */ = {
			isa = PBXSourcesBuildPhase;
			buildActionMask = 2147483647;
			files = (
				52F0DA2816229A1900E68813 /* ActionSheetTest.m in Sources */,
				52F0DA2916229A1900E68813 /* AlertViewTest.m in Sources */,
				52F0DA3316229AB500E68813 /* HandlerMock.m in Sources */,
			);
			runOnlyForDeploymentPostprocessing = 0;
		};
/* End PBXSourcesBuildPhase section */

/* Begin PBXTargetDependency section */
		5202F8E61622925800AF7A2B /* PBXTargetDependency */ = {
			isa = PBXTargetDependency;
			target = 5202F8AD1622919800AF7A2B /* AsyncResult */;
			targetProxy = 5202F8E51622925800AF7A2B /* PBXContainerItemProxy */;
		};
		523297F3162294F400E41768 /* PBXTargetDependency */ = {
			isa = PBXTargetDependency;
			target = 5202F8AD1622919800AF7A2B /* AsyncResult */;
			targetProxy = 523297F2162294F400E41768 /* PBXContainerItemProxy */;
		};
		52987D0B162296E100DEDABB /* PBXTargetDependency */ = {
			isa = PBXTargetDependency;
			target = 5202F8AD1622919800AF7A2B /* AsyncResult */;
			targetProxy = 52987D0A162296E100DEDABB /* PBXContainerItemProxy */;
		};
		52987D0F1622979100DEDABB /* PBXTargetDependency */ = {
			isa = PBXTargetDependency;
			target = 5202F8C21622921E00AF7A2B /* AsyncResultDemo */;
			targetProxy = 52987D0E1622979100DEDABB /* PBXContainerItemProxy */;
		};
/* End PBXTargetDependency section */

/* Begin PBXVariantGroup section */
		5202F8CD1622921E00AF7A2B /* InfoPlist.strings */ = {
			isa = PBXVariantGroup;
			children = (
				5202F8CE1622921E00AF7A2B /* en */,
			);
			name = InfoPlist.strings;
			sourceTree = "<group>";
		};
		5202F8DC1622921E00AF7A2B /* MainStoryboard.storyboard */ = {
			isa = PBXVariantGroup;
			children = (
				5202F8DD1622921E00AF7A2B /* en */,
			);
			name = MainStoryboard.storyboard;
			sourceTree = "<group>";
		};
		523297E7162294C200E41768 /* InfoPlist.strings */ = {
			isa = PBXVariantGroup;
			children = (
				523297E8162294C200E41768 /* en */,
			);
			name = InfoPlist.strings;
			sourceTree = "<group>";
		};
		52987CFF162296C900DEDABB /* InfoPlist.strings */ = {
			isa = PBXVariantGroup;
			children = (
				52987D00162296C900DEDABB /* en */,
			);
			name = InfoPlist.strings;
			sourceTree = "<group>";
		};
/* End PBXVariantGroup section */

/* Begin XCBuildConfiguration section */
		5202F8BA1622919800AF7A2B /* Debug */ = {
			isa = XCBuildConfiguration;
			buildSettings = {
				ALWAYS_SEARCH_USER_PATHS = NO;
				CLANG_CXX_LANGUAGE_STANDARD = "gnu++0x";
				CLANG_CXX_LIBRARY = "libc++";
				CLANG_ENABLE_OBJC_ARC = YES;
				CLANG_WARN_EMPTY_BODY = YES;
				CLANG_WARN__DUPLICATE_METHOD_MATCH = YES;
				COPY_PHASE_STRIP = NO;
				GCC_C_LANGUAGE_STANDARD = gnu99;
				GCC_DYNAMIC_NO_PIC = NO;
				GCC_OPTIMIZATION_LEVEL = 0;
				GCC_PREPROCESSOR_DEFINITIONS = (
					"DEBUG=1",
					"$(inherited)",
				);
				GCC_SYMBOLS_PRIVATE_EXTERN = NO;
				GCC_WARN_ABOUT_RETURN_TYPE = YES;
				GCC_WARN_UNINITIALIZED_AUTOS = YES;
				GCC_WARN_UNUSED_VARIABLE = YES;
				IPHONEOS_DEPLOYMENT_TARGET = 6.0;
				ONLY_ACTIVE_ARCH = YES;
				SDKROOT = iphoneos;
			};
			name = Debug;
		};
		5202F8BB1622919800AF7A2B /* Release */ = {
			isa = XCBuildConfiguration;
			buildSettings = {
				ALWAYS_SEARCH_USER_PATHS = NO;
				CLANG_CXX_LANGUAGE_STANDARD = "gnu++0x";
				CLANG_CXX_LIBRARY = "libc++";
				CLANG_ENABLE_OBJC_ARC = YES;
				CLANG_WARN_EMPTY_BODY = YES;
				CLANG_WARN__DUPLICATE_METHOD_MATCH = YES;
				COPY_PHASE_STRIP = YES;
				GCC_C_LANGUAGE_STANDARD = gnu99;
				GCC_WARN_ABOUT_RETURN_TYPE = YES;
				GCC_WARN_UNINITIALIZED_AUTOS = YES;
				GCC_WARN_UNUSED_VARIABLE = YES;
				IPHONEOS_DEPLOYMENT_TARGET = 6.0;
				SDKROOT = iphoneos;
				VALIDATE_PRODUCT = YES;
			};
			name = Release;
		};
		5202F8BD1622919800AF7A2B /* Debug */ = {
			isa = XCBuildConfiguration;
			buildSettings = {
				DSTROOT = /tmp/AsyncResult.dst;
				GCC_PRECOMPILE_PREFIX_HEADER = YES;
				GCC_PREFIX_HEADER = "AsyncResult/AsyncResult-Prefix.pch";
				IPHONEOS_DEPLOYMENT_TARGET = 5.1;
				OTHER_LDFLAGS = "-ObjC";
				PRODUCT_NAME = "$(TARGET_NAME)";
				SKIP_INSTALL = YES;
			};
			name = Debug;
		};
		5202F8BE1622919800AF7A2B /* Release */ = {
			isa = XCBuildConfiguration;
			buildSettings = {
				DSTROOT = /tmp/AsyncResult.dst;
				GCC_PRECOMPILE_PREFIX_HEADER = YES;
				GCC_PREFIX_HEADER = "AsyncResult/AsyncResult-Prefix.pch";
				IPHONEOS_DEPLOYMENT_TARGET = 5.1;
				OTHER_LDFLAGS = "-ObjC";
				PRODUCT_NAME = "$(TARGET_NAME)";
				SKIP_INSTALL = YES;
			};
			name = Release;
		};
		5202F8E31622921E00AF7A2B /* Debug */ = {
			isa = XCBuildConfiguration;
			buildSettings = {
				"CODE_SIGN_IDENTITY[sdk=iphoneos*]" = "iPhone Developer";
				GCC_PRECOMPILE_PREFIX_HEADER = YES;
				GCC_PREFIX_HEADER = "AsyncResultDemo/AsyncResultDemo-Prefix.pch";
				INFOPLIST_FILE = "AsyncResultDemo/AsyncResultDemo-Info.plist";
				IPHONEOS_DEPLOYMENT_TARGET = 5.1;
				OTHER_LDFLAGS = "-ObjC";
				PRODUCT_NAME = "$(TARGET_NAME)";
				WRAPPER_EXTENSION = app;
			};
			name = Debug;
		};
		5202F8E41622921E00AF7A2B /* Release */ = {
			isa = XCBuildConfiguration;
			buildSettings = {
				"CODE_SIGN_IDENTITY[sdk=iphoneos*]" = "iPhone Developer";
				GCC_PRECOMPILE_PREFIX_HEADER = YES;
				GCC_PREFIX_HEADER = "AsyncResultDemo/AsyncResultDemo-Prefix.pch";
				INFOPLIST_FILE = "AsyncResultDemo/AsyncResultDemo-Info.plist";
				IPHONEOS_DEPLOYMENT_TARGET = 5.1;
				OTHER_CFLAGS = "-DNS_BLOCK_ASSERTIONS=1";
				OTHER_LDFLAGS = "-ObjC";
				PRODUCT_NAME = "$(TARGET_NAME)";
				WRAPPER_EXTENSION = app;
			};
			name = Release;
		};
		523297EE162294C200E41768 /* Debug */ = {
			isa = XCBuildConfiguration;
			buildSettings = {
				FRAMEWORK_SEARCH_PATHS = (
					"\"$(SDKROOT)/Developer/Library/Frameworks\"",
					"\"$(DEVELOPER_LIBRARY_DIR)/Frameworks\"",
				);
				GCC_PRECOMPILE_PREFIX_HEADER = YES;
				GCC_PREFIX_HEADER = "AsyncResultLogicTest/AsyncResultLogicTest-Prefix.pch";
				INFOPLIST_FILE = "AsyncResultLogicTest/AsyncResultLogicTest-Info.plist";
				IPHONEOS_DEPLOYMENT_TARGET = 5.1;
				OTHER_LDFLAGS = "-all_load";
				PRODUCT_NAME = "$(TARGET_NAME)";
				USER_HEADER_SEARCH_PATHS = "$(SOURCE_ROOT)/Kiwi/Kiwi";
				WRAPPER_EXTENSION = octest;
			};
			name = Debug;
		};
		523297EF162294C200E41768 /* Release */ = {
			isa = XCBuildConfiguration;
			buildSettings = {
				FRAMEWORK_SEARCH_PATHS = (
					"\"$(SDKROOT)/Developer/Library/Frameworks\"",
					"\"$(DEVELOPER_LIBRARY_DIR)/Frameworks\"",
				);
				GCC_PRECOMPILE_PREFIX_HEADER = YES;
				GCC_PREFIX_HEADER = "AsyncResultLogicTest/AsyncResultLogicTest-Prefix.pch";
				INFOPLIST_FILE = "AsyncResultLogicTest/AsyncResultLogicTest-Info.plist";
				IPHONEOS_DEPLOYMENT_TARGET = 5.1;
				OTHER_LDFLAGS = "-all_load";
				PRODUCT_NAME = "$(TARGET_NAME)";
				USER_HEADER_SEARCH_PATHS = "$(SOURCE_ROOT)/Kiwi/Kiwi";
				WRAPPER_EXTENSION = octest;
			};
			name = Release;
		};
		52987D06162296C900DEDABB /* Debug */ = {
			isa = XCBuildConfiguration;
			buildSettings = {
				BUNDLE_LOADER = "$(BUILT_PRODUCTS_DIR)/AsyncResultDemo.app/AsyncResultDemo";
				FRAMEWORK_SEARCH_PATHS = (
					"\"$(SDKROOT)/Developer/Library/Frameworks\"",
					"\"$(DEVELOPER_LIBRARY_DIR)/Frameworks\"",
				);
				GCC_PRECOMPILE_PREFIX_HEADER = YES;
				GCC_PREFIX_HEADER = "AsyncResultApplicationTest/AsyncResultApplicationTest-Prefix.pch";
				INFOPLIST_FILE = "AsyncResultApplicationTest/AsyncResultApplicationTest-Info.plist";
				IPHONEOS_DEPLOYMENT_TARGET = 5.1;
				LIBRARY_SEARCH_PATHS = "$(inherited)";
				OTHER_LDFLAGS = "-all_load";
				PRODUCT_NAME = "$(TARGET_NAME)";
				TEST_HOST = "$(BUNDLE_LOADER)";
				USER_HEADER_SEARCH_PATHS = "$(SOURCE_ROOT)/Kiwi/Kiwi";
				WRAPPER_EXTENSION = octest;
			};
			name = Debug;
		};
		52987D07162296C900DEDABB /* Release */ = {
			isa = XCBuildConfiguration;
			buildSettings = {
				BUNDLE_LOADER = "$(BUILT_PRODUCTS_DIR)/AsyncResultDemo.app/AsyncResultDemo";
				FRAMEWORK_SEARCH_PATHS = (
					"\"$(SDKROOT)/Developer/Library/Frameworks\"",
					"\"$(DEVELOPER_LIBRARY_DIR)/Frameworks\"",
				);
				GCC_PRECOMPILE_PREFIX_HEADER = YES;
				GCC_PREFIX_HEADER = "AsyncResultApplicationTest/AsyncResultApplicationTest-Prefix.pch";
				INFOPLIST_FILE = "AsyncResultApplicationTest/AsyncResultApplicationTest-Info.plist";
				IPHONEOS_DEPLOYMENT_TARGET = 5.1;
				LIBRARY_SEARCH_PATHS = "$(inherited)";
				OTHER_LDFLAGS = "-all_load";
				PRODUCT_NAME = "$(TARGET_NAME)";
				TEST_HOST = "$(BUNDLE_LOADER)";
				USER_HEADER_SEARCH_PATHS = "$(SOURCE_ROOT)/Kiwi/Kiwi";
				WRAPPER_EXTENSION = octest;
			};
			name = Release;
		};
/* End XCBuildConfiguration section */

/* Begin XCConfigurationList section */
		5202F8A81622919800AF7A2B /* Build configuration list for PBXProject "AsyncResult" */ = {
			isa = XCConfigurationList;
			buildConfigurations = (
				5202F8BA1622919800AF7A2B /* Debug */,
				5202F8BB1622919800AF7A2B /* Release */,
			);
			defaultConfigurationIsVisible = 0;
			defaultConfigurationName = Release;
		};
		5202F8BC1622919800AF7A2B /* Build configuration list for PBXNativeTarget "AsyncResult" */ = {
			isa = XCConfigurationList;
			buildConfigurations = (
				5202F8BD1622919800AF7A2B /* Debug */,
				5202F8BE1622919800AF7A2B /* Release */,
			);
			defaultConfigurationIsVisible = 0;
			defaultConfigurationName = Release;
		};
		5202F8E21622921E00AF7A2B /* Build configuration list for PBXNativeTarget "AsyncResultDemo" */ = {
			isa = XCConfigurationList;
			buildConfigurations = (
				5202F8E31622921E00AF7A2B /* Debug */,
				5202F8E41622921E00AF7A2B /* Release */,
			);
			defaultConfigurationIsVisible = 0;
			defaultConfigurationName = Release;
		};
		523297F0162294C200E41768 /* Build configuration list for PBXNativeTarget "AsyncResultLogicTest" */ = {
			isa = XCConfigurationList;
			buildConfigurations = (
				523297EE162294C200E41768 /* Debug */,
				523297EF162294C200E41768 /* Release */,
			);
			defaultConfigurationIsVisible = 0;
			defaultConfigurationName = Release;
		};
		52987D08162296C900DEDABB /* Build configuration list for PBXNativeTarget "AsyncResultApplicationTest" */ = {
			isa = XCConfigurationList;
			buildConfigurations = (
				52987D06162296C900DEDABB /* Debug */,
				52987D07162296C900DEDABB /* Release */,
			);
			defaultConfigurationIsVisible = 0;
			defaultConfigurationName = Release;
		};
/* End XCConfigurationList section */
	};
	rootObject = 5202F8A51622919800AF7A2B /* Project object */;
}
